# THIS IS AN AUTOGENERATED FILE. DO NOT EDIT THIS FILE DIRECTLY.
# yarn lockfile v1


commander@^2.15.1:
  version "2.16.0"
  resolved "https://registry.yarnpkg.com/commander/-/commander-2.16.0.tgz#f16390593996ceb4f3eeb020b31d78528f7f8a50"

eslint-config-google@^0.9.1:
  version "0.9.1"
  resolved "https://registry.yarnpkg.com/eslint-config-google/-/eslint-config-google-0.9.1.tgz#83353c3dba05f72bb123169a4094f4ff120391eb"
